{
  "name": "Focus for Google Docs",
  "lockfileVersion": 3,
  "requires": true,
  "packages": {
    "": {
      "dependencies": {
        "@types/firefox": "^0.0.34",
        "@types/firefox-webext-browser": "^120.0.4"
      }
    },
    "node_modules/@types/firefox": {
      "version": "0.0.34",
      "resolved": "https://registry.npmjs.org/@types/firefox/-/firefox-0.0.34.tgz",
      "integrity": "sha512-1T2L97PEDzzkrEeBsZnGy6lhRPaVltoheM1fbG9J3raEpYXayhwwD97p2cXKGY4PAIhl0m0gAyLfX0mLQhutOw==",
      "license": "MIT"
    },
    "node_modules/@types/firefox-webext-browser": {
      "version": "120.0.4",
      "resolved": "https://registry.npmjs.org/@types/firefox-webext-browser/-/firefox-webext-browser-120.0.4.tgz",
      "integrity": "sha512-lBrpf08xhiZBigrtdQfUaqX1UauwZ+skbFiL8u2Tdra/rklkKadYmIzTwkNZSWtuZ7OKpFqbE2HHfDoFqvZf6w==",
      "license": "MIT"
    }
  }
}
